
Microsoft Visual Studio Solution File, Format Version 12.00
# Visual Studio Version 16
VisualStudioVersion = 16.0.810.13
MinimumVisualStudioVersion = 10.0.40219.1
Project("{FAE04EC0-301F-11D3-BF4B-00C04F79EFBC}") = "FlashDisk", "FlashDisk\FlashDisk.csproj", "{5E544B52-597B-4BED-9D9D-162DA544D654}"
EndProject
Global
	GlobalSection(SolutionConfigurationPlatforms) = preSolution
		Debug|Any CPU = Debug|Any CPU
		Release|Any CPU = Release|Any CPU
	EndGlobalSection
	GlobalSection(ProjectConfigurationPlatforms) = postSolution
		{5E544B52-597B-4BED-9D9D-162DA544D654}.Debug|Any CPU.ActiveCfg = Debug|Any CPU
		{5E544B52-597B-4BED-9D9D-162DA544D654}.Debug|Any CPU.Build.0 = Debug|Any CPU
		{5E544B52-597B-4BED-9D9D-162DA544D654}.Release|Any CPU.ActiveCfg = Release|Any CPU
		{5E544B52-597B-4BED-9D9D-162DA544D654}.Release|Any CPU.Build.0 = Release|Any CPU
	EndGlobalSection
	GlobalSection(SolutionProperties) = preSolution
		HideSolutionNode = FALSE
	EndGlobalSection
	GlobalSection(ExtensibilityGlobals) = postSolution
		SolutionGuid = {0B719E60-8201-48E0-A552-1AA8643E29B3}
	EndGlobalSection
EndGlobal
